
Microsoft Visual Studio Solution File, Format Version 12.00
# Visual Studio Version 17
VisualStudioVersion = 17.14.36717.8 d17.14
MinimumVisualStudioVersion = 10.0.40219.1
Project("{FAE04EC0-301F-11D3-BF4B-00C04F79EFBC}") = "BTTH4", "BTTH4\BTTH4.csproj", "{F4C96BA8-A049-4303-A6CF-F0E60B5ABCFF}"
EndProject
Global
	GlobalSection(SolutionConfigurationPlatforms) = preSolution
		Debug|Any CPU = Debug|Any CPU
		Release|Any CPU = Release|Any CPU
	EndGlobalSection
	GlobalSection(ProjectConfigurationPlatforms) = postSolution
		{F4C96BA8-A049-4303-A6CF-F0E60B5ABCFF}.Debug|Any CPU.ActiveCfg = Debug|Any CPU
		{F4C96BA8-A049-4303-A6CF-F0E60B5ABCFF}.Debug|Any CPU.Build.0 = Debug|Any CPU
		{F4C96BA8-A049-4303-A6CF-F0E60B5ABCFF}.Release|Any CPU.ActiveCfg = Release|Any CPU
		{F4C96BA8-A049-4303-A6CF-F0E60B5ABCFF}.Release|Any CPU.Build.0 = Release|Any CPU
	EndGlobalSection
	GlobalSection(SolutionProperties) = preSolution
		HideSolutionNode = FALSE
	EndGlobalSection
	GlobalSection(ExtensibilityGlobals) = postSolution
		SolutionGuid = {7A5A1AD6-527D-430D-BF40-427B0F165BEB}
	EndGlobalSection
EndGlobal
