
Microsoft Visual Studio Solution File, Format Version 12.00
# Visual Studio Version 17
VisualStudioVersion = 17.14.36518.9
MinimumVisualStudioVersion = 10.0.40219.1
Project("{FAE04EC0-301F-11D3-BF4B-00C04F79EFBC}") = "BTH2", "BTH2\BTH2.csproj", "{BE4B3751-5F26-4067-A764-B9522830B4FA}"
EndProject
Global
	GlobalSection(SolutionConfigurationPlatforms) = preSolution
		Debug|Any CPU = Debug|Any CPU
		Release|Any CPU = Release|Any CPU
	EndGlobalSection
	GlobalSection(ProjectConfigurationPlatforms) = postSolution
		{BE4B3751-5F26-4067-A764-B9522830B4FA}.Debug|Any CPU.ActiveCfg = Debug|Any CPU
		{BE4B3751-5F26-4067-A764-B9522830B4FA}.Debug|Any CPU.Build.0 = Debug|Any CPU
		{BE4B3751-5F26-4067-A764-B9522830B4FA}.Release|Any CPU.ActiveCfg = Release|Any CPU
		{BE4B3751-5F26-4067-A764-B9522830B4FA}.Release|Any CPU.Build.0 = Release|Any CPU
	EndGlobalSection
	GlobalSection(SolutionProperties) = preSolution
		HideSolutionNode = FALSE
	EndGlobalSection
	GlobalSection(ExtensibilityGlobals) = postSolution
		SolutionGuid = {1C2FAF1C-2C2D-486B-A8C1-BBF8D080E448}
	EndGlobalSection
EndGlobal
